
Microsoft Visual Studio Solution File, Format Version 12.00
# Visual Studio Version 17
VisualStudioVersion = 17.13.35931.197 d17.13
MinimumVisualStudioVersion = 10.0.40219.1
Project("{FAE04EC0-301F-11D3-BF4B-00C04F79EFBC}") = "OrderAPI", "OrderAPI\OrderAPI.csproj", "{454F5845-328B-4445-AFEC-B287E803D31D}"
EndProject
Project("{FAE04EC0-301F-11D3-BF4B-00C04F79EFBC}") = "StockService", "StockService\StockService.csproj", "{F5E97E74-1F1E-45E0-9F8B-1B38FCEB7FE8}"
EndProject
Project("{FAE04EC0-301F-11D3-BF4B-00C04F79EFBC}") = "Shared", "Shared\Shared.csproj", "{4DEDB4F1-9B30-49D6-B4C6-620F83437EB2}"
EndProject
Project("{FAE04EC0-301F-11D3-BF4B-00C04F79EFBC}") = "OrderOutboxTablePublisherService", "OrderOutboxTablePublisherService\OrderOutboxTablePublisherService.csproj", "{BDCEEB01-DF49-4DF1-9A44-B4827A115B7D}"
EndProject
Global
	GlobalSection(SolutionConfigurationPlatforms) = preSolution
		Debug|Any CPU = Debug|Any CPU
		Release|Any CPU = Release|Any CPU
	EndGlobalSection
	GlobalSection(ProjectConfigurationPlatforms) = postSolution
		{454F5845-328B-4445-AFEC-B287E803D31D}.Debug|Any CPU.ActiveCfg = Debug|Any CPU
		{454F5845-328B-4445-AFEC-B287E803D31D}.Debug|Any CPU.Build.0 = Debug|Any CPU
		{454F5845-328B-4445-AFEC-B287E803D31D}.Release|Any CPU.ActiveCfg = Release|Any CPU
		{454F5845-328B-4445-AFEC-B287E803D31D}.Release|Any CPU.Build.0 = Release|Any CPU
		{F5E97E74-1F1E-45E0-9F8B-1B38FCEB7FE8}.Debug|Any CPU.ActiveCfg = Debug|Any CPU
		{F5E97E74-1F1E-45E0-9F8B-1B38FCEB7FE8}.Debug|Any CPU.Build.0 = Debug|Any CPU
		{F5E97E74-1F1E-45E0-9F8B-1B38FCEB7FE8}.Release|Any CPU.ActiveCfg = Release|Any CPU
		{F5E97E74-1F1E-45E0-9F8B-1B38FCEB7FE8}.Release|Any CPU.Build.0 = Release|Any CPU
		{4DEDB4F1-9B30-49D6-B4C6-620F83437EB2}.Debug|Any CPU.ActiveCfg = Debug|Any CPU
		{4DEDB4F1-9B30-49D6-B4C6-620F83437EB2}.Debug|Any CPU.Build.0 = Debug|Any CPU
		{4DEDB4F1-9B30-49D6-B4C6-620F83437EB2}.Release|Any CPU.ActiveCfg = Release|Any CPU
		{4DEDB4F1-9B30-49D6-B4C6-620F83437EB2}.Release|Any CPU.Build.0 = Release|Any CPU
		{BDCEEB01-DF49-4DF1-9A44-B4827A115B7D}.Debug|Any CPU.ActiveCfg = Debug|Any CPU
		{BDCEEB01-DF49-4DF1-9A44-B4827A115B7D}.Debug|Any CPU.Build.0 = Debug|Any CPU
		{BDCEEB01-DF49-4DF1-9A44-B4827A115B7D}.Release|Any CPU.ActiveCfg = Release|Any CPU
		{BDCEEB01-DF49-4DF1-9A44-B4827A115B7D}.Release|Any CPU.Build.0 = Release|Any CPU
	EndGlobalSection
	GlobalSection(SolutionProperties) = preSolution
		HideSolutionNode = FALSE
	EndGlobalSection
	GlobalSection(ExtensibilityGlobals) = postSolution
		SolutionGuid = {00BEC4E2-4779-4820-AAD5-AA5E88A9AE05}
	EndGlobalSection
EndGlobal
